
Microsoft Visual Studio Solution File, Format Version 12.00
# Visual Studio Version 16
VisualStudioVersion = 16.0.31205.134
MinimumVisualStudioVersion = 10.0.40219.1
Project("{FAE04EC0-301F-11D3-BF4B-00C04F79EFBC}") = "ParralelTaskApllication", "ParralelTaskApllication.csproj", "{D6B651C8-EB8A-442D-823B-3E31BA6146E6}"
EndProject
Global
	GlobalSection(SolutionConfigurationPlatforms) = preSolution
		Debug|Any CPU = Debug|Any CPU
		Release|Any CPU = Release|Any CPU
	EndGlobalSection
	GlobalSection(ProjectConfigurationPlatforms) = postSolution
		{D6B651C8-EB8A-442D-823B-3E31BA6146E6}.Debug|Any CPU.ActiveCfg = Debug|Any CPU
		{D6B651C8-EB8A-442D-823B-3E31BA6146E6}.Debug|Any CPU.Build.0 = Debug|Any CPU
		{D6B651C8-EB8A-442D-823B-3E31BA6146E6}.Release|Any CPU.ActiveCfg = Release|Any CPU
		{D6B651C8-EB8A-442D-823B-3E31BA6146E6}.Release|Any CPU.Build.0 = Release|Any CPU
	EndGlobalSection
	GlobalSection(SolutionProperties) = preSolution
		HideSolutionNode = FALSE
	EndGlobalSection
	GlobalSection(ExtensibilityGlobals) = postSolution
		SolutionGuid = {5DEE3A9C-E80B-4BCF-A816-E0C97C1321F1}
	EndGlobalSection
EndGlobal
